
Microsoft Visual Studio Solution File, Format Version 12.00
# Visual Studio Version 17
VisualStudioVersion = 17.11.35431.28
MinimumVisualStudioVersion = 10.0.40219.1
Project("{FAE04EC0-301F-11D3-BF4B-00C04F79EFBC}") = "SlotMachine", "SlotMachine.csproj", "{A8B9E6CC-58F5-404A-BC21-24DB201980F5}"
EndProject
Global
	GlobalSection(SolutionConfigurationPlatforms) = preSolution
		Debug|Any CPU = Debug|Any CPU
		Release|Any CPU = Release|Any CPU
	EndGlobalSection
	GlobalSection(ProjectConfigurationPlatforms) = postSolution
		{A8B9E6CC-58F5-404A-BC21-24DB201980F5}.Debug|Any CPU.ActiveCfg = Debug|Any CPU
		{A8B9E6CC-58F5-404A-BC21-24DB201980F5}.Debug|Any CPU.Build.0 = Debug|Any CPU
		{A8B9E6CC-58F5-404A-BC21-24DB201980F5}.Release|Any CPU.ActiveCfg = Release|Any CPU
		{A8B9E6CC-58F5-404A-BC21-24DB201980F5}.Release|Any CPU.Build.0 = Release|Any CPU
	EndGlobalSection
	GlobalSection(SolutionProperties) = preSolution
		HideSolutionNode = FALSE
	EndGlobalSection
	GlobalSection(ExtensibilityGlobals) = postSolution
		SolutionGuid = {D7BEFD87-7563-419A-97D2-86615E38376C}
	EndGlobalSection
EndGlobal
